
Microsoft Visual Studio Solution File, Format Version 12.00
# Visual Studio Version 17
VisualStudioVersion = 17.3.32811.315
MinimumVisualStudioVersion = 10.0.40219.1
Project("{FAE04EC0-301F-11D3-BF4B-00C04F79EFBC}") = "EmployeePayRollAdd", "EmployeePayRollAdd.csproj", "{200E0E41-3FAA-4F6E-B041-7600C705AC50}"
EndProject
Global
	GlobalSection(SolutionConfigurationPlatforms) = preSolution
		Debug|Any CPU = Debug|Any CPU
		Release|Any CPU = Release|Any CPU
	EndGlobalSection
	GlobalSection(ProjectConfigurationPlatforms) = postSolution
		{200E0E41-3FAA-4F6E-B041-7600C705AC50}.Debug|Any CPU.ActiveCfg = Debug|Any CPU
		{200E0E41-3FAA-4F6E-B041-7600C705AC50}.Debug|Any CPU.Build.0 = Debug|Any CPU
		{200E0E41-3FAA-4F6E-B041-7600C705AC50}.Release|Any CPU.ActiveCfg = Release|Any CPU
		{200E0E41-3FAA-4F6E-B041-7600C705AC50}.Release|Any CPU.Build.0 = Release|Any CPU
	EndGlobalSection
	GlobalSection(SolutionProperties) = preSolution
		HideSolutionNode = FALSE
	EndGlobalSection
	GlobalSection(ExtensibilityGlobals) = postSolution
		SolutionGuid = {456D961E-E4D1-405A-B791-5DE384E0DCF6}
	EndGlobalSection
EndGlobal
